{
  "name": "nodejs-module-loader-examples",
  "version": "1.0.0",
  "lockfileVersion": 1,
  "requires": true,
  "dependencies": {
    "@sindresorhus/is": {
      "version": "4.2.0",
      "resolved": "https://npm.corp.kuaishou.com/@sindresorhus%2fis/-/is-4.2.0.tgz",
      "integrity": "sha1-Znv8YYaufJ4LRaCJYMVRQ3F24co="
    },
    "@szmarczak/http-timer": {
      "version": "4.0.6",
      "resolved": "https://npm.corp.kuaishou.com/@szmarczak%2fhttp-timer/-/http-timer-4.0.6.tgz",
      "integrity": "sha1-tKkUu2LnwnLU5Zif5EQPgSqx2Ac=",
      "requires": {
        "defer-to-connect": "^2.0.0"
      }
    },
    "@types/cacheable-request": {
      "version": "6.0.2",
      "resolved": "https://npm.corp.kuaishou.com/@types%2fcacheable-request/-/cacheable-request-6.0.2.tgz",
      "integrity": "sha1-wyTaAZfeCpiiMSFWU2riYkKf9rk=",
      "requires": {
        "@types/http-cache-semantics": "*",
        "@types/keyv": "*",
        "@types/node": "*",
        "@types/responselike": "*"
      }
    },
    "@types/http-cache-semantics": {
      "version": "4.0.1",
      "resolved": "https://npm.corp.kuaishou.com/@types%2fhttp-cache-semantics/-/http-cache-semantics-4.0.1.tgz",
      "integrity": "sha1-Dqe2FJaQK5WJDcTDoRa2DLja6BI="
    },
    "@types/keyv": {
      "version": "3.1.3",
      "resolved": "https://npm.corp.kuaishou.com/@types%2fkeyv/-/keyv-3.1.3.tgz",
      "integrity": "sha1-HJquMocuwfINza7omp87qI9GXkE=",
      "requires": {
        "@types/node": "*"
      }
    },
    "@types/node": {
      "version": "16.11.10",
      "resolved": "https://npm.corp.kuaishou.com/@types%2fnode/-/node-16.11.10.tgz",
      "integrity": "sha512-3aRnHa1KlOEEhJ6+CvyHKK5vE9BcLGjtUpwvqYLRvYNQKMfabu3BwfJaA/SLW8dxe28LsNDjtHwePTuzn3gmOA=="
    },
    "@types/responselike": {
      "version": "1.0.0",
      "resolved": "https://npm.corp.kuaishou.com/@types%2fresponselike/-/responselike-1.0.0.tgz",
      "integrity": "sha1-JR9P59FU0rrRJavhtCmyOv0mLik=",
      "requires": {
        "@types/node": "*"
      }
    },
    "anymatch": {
      "version": "3.1.2",
      "resolved": "https://npm.corp.kuaishou.com/anymatch/-/anymatch-3.1.2.tgz",
      "integrity": "sha1-wFV8CWrzLxBhmPT04qODU343hxY=",
      "requires": {
        "normalize-path": "^3.0.0",
        "picomatch": "^2.0.4"
      }
    },
    "binary-extensions": {
      "version": "2.2.0",
      "resolved": "https://npm.corp.kuaishou.com/binary-extensions/-/binary-extensions-2.2.0.tgz",
      "integrity": "sha1-dfUC7q+f/eQvyYgpZFvk6na9ni0="
    },
    "braces": {
      "version": "3.0.2",
      "resolved": "https://npm.corp.kuaishou.com/braces/-/braces-3.0.2.tgz",
      "integrity": "sha1-NFThpGLujVmeI23zNs2epPiv4Qc=",
      "requires": {
        "fill-range": "^7.0.1"
      }
    },
    "cacheable-lookup": {
      "version": "5.0.4",
      "resolved": "https://npm.corp.kuaishou.com/cacheable-lookup/-/cacheable-lookup-5.0.4.tgz",
      "integrity": "sha1-WmuGWyxENXvj1evCpGewMnGacAU="
    },
    "cacheable-request": {
      "version": "7.0.2",
      "resolved": "https://npm.corp.kuaishou.com/cacheable-request/-/cacheable-request-7.0.2.tgz",
      "integrity": "sha1-6g0LiJNkolhUdXMByhKy2nf5HSc=",
      "requires": {
        "clone-response": "^1.0.2",
        "get-stream": "^5.1.0",
        "http-cache-semantics": "^4.0.0",
        "keyv": "^4.0.0",
        "lowercase-keys": "^2.0.0",
        "normalize-url": "^6.0.1",
        "responselike": "^2.0.0"
      }
    },
    "chokidar": {
      "version": "3.5.2",
      "resolved": "https://npm.corp.kuaishou.com/chokidar/-/chokidar-3.5.2.tgz",
      "integrity": "sha1-26OXb8rbAW9m/TZQIdkWANAcHnU=",
      "requires": {
        "anymatch": "~3.1.2",
        "braces": "~3.0.2",
        "fsevents": "~2.3.2",
        "glob-parent": "~5.1.2",
        "is-binary-path": "~2.1.0",
        "is-glob": "~4.0.1",
        "normalize-path": "~3.0.0",
        "readdirp": "~3.6.0"
      }
    },
    "clone-response": {
      "version": "1.0.2",
      "resolved": "https://npm.corp.kuaishou.com/clone-response/-/clone-response-1.0.2.tgz",
      "integrity": "sha1-0dyXOSAxTfZ/vrlCI7TuNQI56Ws=",
      "requires": {
        "mimic-response": "^1.0.0"
      }
    },
    "decompress-response": {
      "version": "6.0.0",
      "resolved": "https://npm.corp.kuaishou.com/decompress-response/-/decompress-response-6.0.0.tgz",
      "integrity": "sha1-yjh2Et234QS9FthaqwDV7PCcZvw=",
      "requires": {
        "mimic-response": "^3.1.0"
      },
      "dependencies": {
        "mimic-response": {
          "version": "3.1.0",
          "resolved": "https://npm.corp.kuaishou.com/mimic-response/-/mimic-response-3.1.0.tgz",
          "integrity": "sha1-LR1Zr5wbEpgVrMwsRqAipc4fo8k="
        }
      }
    },
    "defer-to-connect": {
      "version": "2.0.1",
      "resolved": "https://npm.corp.kuaishou.com/defer-to-connect/-/defer-to-connect-2.0.1.tgz",
      "integrity": "sha1-gBa9tBQ+RjK3ejRJxiNid95SBYc="
    },
    "end-of-stream": {
      "version": "1.4.4",
      "resolved": "https://npm.corp.kuaishou.com/end-of-stream/-/end-of-stream-1.4.4.tgz",
      "integrity": "sha1-WuZKX0UFe682JuwU2gyl5LJDHrA=",
      "requires": {
        "once": "^1.4.0"
      }
    },
    "fill-range": {
      "version": "7.0.1",
      "resolved": "https://npm.corp.kuaishou.com/fill-range/-/fill-range-7.0.1.tgz",
      "integrity": "sha1-GRmmp8df44ssfHflGYU12prN2kA=",
      "requires": {
        "to-regex-range": "^5.0.1"
      }
    },
    "fsevents": {
      "version": "2.3.2",
      "resolved": "https://npm.corp.kuaishou.com/fsevents/-/fsevents-2.3.2.tgz",
      "integrity": "sha1-ilJveLj99GI7cJ4Ll1xSwkwC/Ro=",
      "optional": true
    },
    "get-stream": {
      "version": "5.2.0",
      "resolved": "https://npm.corp.kuaishou.com/get-stream/-/get-stream-5.2.0.tgz",
      "integrity": "sha1-SWaheV7lrOZecGxLe+txJX1uItM=",
      "requires": {
        "pump": "^3.0.0"
      }
    },
    "glob-parent": {
      "version": "5.1.2",
      "resolved": "https://npm.corp.kuaishou.com/glob-parent/-/glob-parent-5.1.2.tgz",
      "integrity": "sha1-hpgyxYA0/mikCTwX3BXoNA2EAcQ=",
      "requires": {
        "is-glob": "^4.0.1"
      }
    },
    "got": {
      "version": "11.8.3",
      "resolved": "https://npm.corp.kuaishou.com/got/-/got-11.8.3.tgz",
      "integrity": "sha1-9JbI/dpdcpqQtJBdKwfb0UgXB3A=",
      "requires": {
        "@sindresorhus/is": "^4.0.0",
        "@szmarczak/http-timer": "^4.0.5",
        "@types/cacheable-request": "^6.0.1",
        "@types/responselike": "^1.0.0",
        "cacheable-lookup": "^5.0.3",
        "cacheable-request": "^7.0.2",
        "decompress-response": "^6.0.0",
        "http2-wrapper": "^1.0.0-beta.5.2",
        "lowercase-keys": "^2.0.0",
        "p-cancelable": "^2.0.0",
        "responselike": "^2.0.0"
      }
    },
    "http-cache-semantics": {
      "version": "4.1.0",
      "resolved": "https://npm.corp.kuaishou.com/http-cache-semantics/-/http-cache-semantics-4.1.0.tgz",
      "integrity": "sha1-SekcXL82yblLz81xwj1SSex045A="
    },
    "http2-wrapper": {
      "version": "1.0.3",
      "resolved": "https://npm.corp.kuaishou.com/http2-wrapper/-/http2-wrapper-1.0.3.tgz",
      "integrity": "sha1-uPVeDB8l1OvQizsMLAeflZCACz0=",
      "requires": {
        "quick-lru": "^5.1.1",
        "resolve-alpn": "^1.0.0"
      }
    },
    "is-binary-path": {
      "version": "2.1.0",
      "resolved": "https://npm.corp.kuaishou.com/is-binary-path/-/is-binary-path-2.1.0.tgz",
      "integrity": "sha1-6h9/O4DwZCNug0cPhsCcJU+0Wwk=",
      "requires": {
        "binary-extensions": "^2.0.0"
      }
    },
    "is-extglob": {
      "version": "2.1.1",
      "resolved": "https://npm.corp.kuaishou.com/is-extglob/-/is-extglob-2.1.1.tgz",
      "integrity": "sha1-qIwCU1eR8C7TfHahueqXc8gz+MI="
    },
    "is-glob": {
      "version": "4.0.3",
      "resolved": "https://npm.corp.kuaishou.com/is-glob/-/is-glob-4.0.3.tgz",
      "integrity": "sha1-ZPYeQsu7LuwgcanawLKLoeZdUIQ=",
      "requires": {
        "is-extglob": "^2.1.1"
      }
    },
    "is-number": {
      "version": "7.0.0",
      "resolved": "https://npm.corp.kuaishou.com/is-number/-/is-number-7.0.0.tgz",
      "integrity": "sha1-dTU0W4lnNNX4DE0GxQlVUnoU8Ss="
    },
    "json-buffer": {
      "version": "3.0.1",
      "resolved": "https://npm.corp.kuaishou.com/json-buffer/-/json-buffer-3.0.1.tgz",
      "integrity": "sha1-kziAKjDTtmBfvgYT4JQAjKjAWhM="
    },
    "keyv": {
      "version": "4.0.4",
      "resolved": "https://npm.corp.kuaishou.com/keyv/-/keyv-4.0.4.tgz",
      "integrity": "sha1-8ECyNuorBu0V7Yb774QH4aHI43Y=",
      "requires": {
        "json-buffer": "3.0.1"
      }
    },
    "lowercase-keys": {
      "version": "2.0.0",
      "resolved": "https://npm.corp.kuaishou.com/lowercase-keys/-/lowercase-keys-2.0.0.tgz",
      "integrity": "sha1-JgPni3tLAAbLyi+8yKMgJVislHk="
    },
    "mimic-response": {
      "version": "1.0.1",
      "resolved": "https://npm.corp.kuaishou.com/mimic-response/-/mimic-response-1.0.1.tgz",
      "integrity": "sha1-SSNTiHju9CBjy4o+OweYeBSHqxs="
    },
    "normalize-path": {
      "version": "3.0.0",
      "resolved": "https://npm.corp.kuaishou.com/normalize-path/-/normalize-path-3.0.0.tgz",
      "integrity": "sha1-Dc1p/yOhybEf0JeDFmRKA4ghamU="
    },
    "normalize-url": {
      "version": "6.1.0",
      "resolved": "https://npm.corp.kuaishou.com/normalize-url/-/normalize-url-6.1.0.tgz",
      "integrity": "sha1-QNCIW1Nd7/4/MUe+yHfQX+TFZoo="
    },
    "once": {
      "version": "1.4.0",
      "resolved": "https://npm.corp.kuaishou.com/once/-/once-1.4.0.tgz",
      "integrity": "sha1-WDsap3WWHUsROsF9nFC6753Xa9E=",
      "requires": {
        "wrappy": "1"
      }
    },
    "p-cancelable": {
      "version": "2.1.1",
      "resolved": "https://npm.corp.kuaishou.com/p-cancelable/-/p-cancelable-2.1.1.tgz",
      "integrity": "sha1-qrf71BZYL6MqPbSYWcEiSHxe0s8="
    },
    "picomatch": {
      "version": "2.3.0",
      "resolved": "https://npm.corp.kuaishou.com/picomatch/-/picomatch-2.3.0.tgz",
      "integrity": "sha1-8fBh3o9qS/AiiS4tEoI0+5gwKXI="
    },
    "pump": {
      "version": "3.0.0",
      "resolved": "https://npm.corp.kuaishou.com/pump/-/pump-3.0.0.tgz",
      "integrity": "sha1-tKIRaBW94vTh6mAjVOjHVWUQemQ=",
      "requires": {
        "end-of-stream": "^1.1.0",
        "once": "^1.3.1"
      }
    },
    "quick-lru": {
      "version": "5.1.1",
      "resolved": "https://npm.corp.kuaishou.com/quick-lru/-/quick-lru-5.1.1.tgz",
      "integrity": "sha1-NmST5rPkKjpoheLpnRj4D7eoyTI="
    },
    "readdirp": {
      "version": "3.6.0",
      "resolved": "https://npm.corp.kuaishou.com/readdirp/-/readdirp-3.6.0.tgz",
      "integrity": "sha1-dKNwvYVxFuJFspzJc0DNQxoCpsc=",
      "requires": {
        "picomatch": "^2.2.1"
      }
    },
    "repeat-string": {
      "version": "1.6.1",
      "resolved": "https://npm.corp.kuaishou.com/repeat-string/-/repeat-string-1.6.1.tgz",
      "integrity": "sha1-jcrkcOHIirwtYA//Sndihtp15jc="
    },
    "resolve-alpn": {
      "version": "1.2.1",
      "resolved": "https://npm.corp.kuaishou.com/resolve-alpn/-/resolve-alpn-1.2.1.tgz",
      "integrity": "sha1-t629rDVGqq7CC0Xn2CZZJwcnJvk="
    },
    "responselike": {
      "version": "2.0.0",
      "resolved": "https://npm.corp.kuaishou.com/responselike/-/responselike-2.0.0.tgz",
      "integrity": "sha1-JjkbzDF091D5p56sxAoSpcQtdyM=",
      "requires": {
        "lowercase-keys": "^2.0.0"
      }
    },
    "sass": {
      "version": "1.43.5",
      "resolved": "https://npm.corp.kuaishou.com/sass/-/sass-1.43.5.tgz",
      "integrity": "sha512-WuNm+eAryMgQluL7Mbq9M4EruyGGMyal7Lu58FfnRMVWxgUzIvI7aSn60iNt3kn5yZBMR7G84fAGDcwqOF5JOg==",
      "requires": {
        "chokidar": ">=3.0.0 <4.0.0"
      }
    },
    "to-regex-range": {
      "version": "5.0.1",
      "resolved": "https://npm.corp.kuaishou.com/to-regex-range/-/to-regex-range-5.0.1.tgz",
      "integrity": "sha1-FkjESq58jZiKMmAY7XL1tN0DkuQ=",
      "requires": {
        "is-number": "^7.0.0"
      }
    },
    "wrappy": {
      "version": "1.0.2",
      "resolved": "https://npm.corp.kuaishou.com/wrappy/-/wrappy-1.0.2.tgz",
      "integrity": "sha1-tSQ9jz7BqjXxNkYFvA0QNuMKtp8="
    }
  }
}
